// !$*UTF8*$!
{
	archiveVersion = 1;
	classes = {
	};
	objectVersion = 51;
	objects = {

/* Begin PBXBuildFile section */
		628A0A0B38B5EF550337826B /* Pods_DemoRealm.framework in Frameworks */ = {isa = PBXBuildFile; fileRef = CDFAEB37672F9F8887EBA7C9 /* Pods_DemoRealm.framework */; };
		FF5009A4265A7280000E5132 /* Cat.swift in Sources */ = {isa = PBXBuildFile; fileRef = FF5009A3265A7280000E5132 /* Cat.swift */; };
		FF58750E265A47C60016B35A /* AppDelegate.swift in Sources */ = {isa = PBXBuildFile; fileRef = FF58750D265A47C60016B35A /* AppDelegate.swift */; };
		FF587510265A47C60016B35A /* SceneDelegate.swift in Sources */ = {isa = PBXBuildFile; fileRef = FF58750F265A47C60016B35A /* SceneDelegate.swift */; };
		FF587512265A47C60016B35A /* ViewController.swift in Sources */ = {isa = PBXBuildFile; fileRef = FF587511265A47C60016B35A /* ViewController.swift */; };
		FF587515265A47C60016B35A /* Main.storyboard in Resources */ = {isa = PBXBuildFile; fileRef = FF587513265A47C60016B35A /* Main.storyboard */; };
		FF587517265A47C70016B35A /* Assets.xcassets in Resources */ = {isa = PBXBuildFile; fileRef = FF587516265A47C70016B35A /* Assets.xcassets */; };
		FF58751A265A47C70016B35A /* LaunchScreen.storyboard in Resources */ = {isa = PBXBuildFile; fileRef = FF587518265A47C70016B35A /* LaunchScreen.storyboard */; };
		FF6AB716265E675F002E189F /* InternetTest.swift in Sources */ = {isa = PBXBuildFile; fileRef = FF6AB715265E675E002E189F /* InternetTest.swift */; };
/* End PBXBuildFile section */

/* Begin PBXFileReference section */
		B04263278454CF1573BEB998 /* Pods-DemoRealm.release.xcconfig */ = {isa = PBXFileReference; includeInIndex = 1; lastKnownFileType = text.xcconfig; name = "Pods-DemoRealm.release.xcconfig"; path = "Target Support Files/Pods-DemoRealm/Pods-DemoRealm.release.xcconfig"; sourceTree = "<group>"; };
		CDFAEB37672F9F8887EBA7C9 /* Pods_DemoRealm.framework */ = {isa = PBXFileReference; explicitFileType = wrapper.framework; includeInIndex = 0; path = Pods_DemoRealm.framework; sourceTree = BUILT_PRODUCTS_DIR; };
		F3842A1478B910556D21550F /* Pods-DemoRealm.debug.xcconfig */ = {isa = PBXFileReference; includeInIndex = 1; lastKnownFileType = text.xcconfig; name = "Pods-DemoRealm.debug.xcconfig"; path = "Target Support Files/Pods-DemoRealm/Pods-DemoRealm.debug.xcconfig"; sourceTree = "<group>"; };
		FF5009A3265A7280000E5132 /* Cat.swift */ = {isa = PBXFileReference; lastKnownFileType = sourcecode.swift; path = Cat.swift; sourceTree = "<group>"; };
		FF58750A265A47C60016B35A /* DemoRealm.app */ = {isa = PBXFileReference; explicitFileType = wrapper.application; includeInIndex = 0; path = DemoRealm.app; sourceTree = BUILT_PRODUCTS_DIR; };
		FF58750D265A47C60016B35A /* AppDelegate.swift */ = {isa = PBXFileReference; lastKnownFileType = sourcecode.swift; path = AppDelegate.swift; sourceTree = "<group>"; };
		FF58750F265A47C60016B35A /* SceneDelegate.swift */ = {isa = PBXFileReference; lastKnownFileType = sourcecode.swift; path = SceneDelegate.swift; sourceTree = "<group>"; };
		FF587511265A47C60016B35A /* ViewController.swift */ = {isa = PBXFileReference; lastKnownFileType = sourcecode.swift; path = ViewController.swift; sourceTree = "<group>"; };
		FF587514265A47C60016B35A /* Base */ = {isa = PBXFileReference; lastKnownFileType = file.storyboard; name = Base; path = Base.lproj/Main.storyboard; sourceTree = "<group>"; };
		FF587516265A47C70016B35A /* Assets.xcassets */ = {isa = PBXFileReference; lastKnownFileType = folder.assetcatalog; path = Assets.xcassets; sourceTree = "<group>"; };
		FF587519265A47C70016B35A /* Base */ = {isa = PBXFileReference; lastKnownFileType = file.storyboard; name = Base; path = Base.lproj/LaunchScreen.storyboard; sourceTree = "<group>"; };
		FF58751B265A47C70016B35A /* Info.plist */ = {isa = PBXFileReference; lastKnownFileType = text.plist.xml; path = Info.plist; sourceTree = "<group>"; };
		FF6AB715265E675E002E189F /* InternetTest.swift */ = {isa = PBXFileReference; lastKnownFileType = sourcecode.swift; path = InternetTest.swift; sourceTree = "<group>"; };
/* End PBXFileReference section */

/* Begin PBXFrameworksBuildPhase section */
		FF587507265A47C60016B35A /* Frameworks */ = {
			isa = PBXFrameworksBuildPhase;
			buildActionMask = 2147483647;
			files = (
				628A0A0B38B5EF550337826B /* Pods_DemoRealm.framework in Frameworks */,
			);
			runOnlyForDeploymentPostprocessing = 0;
		};
/* End PBXFrameworksBuildPhase section */

/* Begin PBXGroup section */
		397501516084799620AA28D0 /* Pods */ = {
			isa = PBXGroup;
			children = (
				F3842A1478B910556D21550F /* Pods-DemoRealm.debug.xcconfig */,
				B04263278454CF1573BEB998 /* Pods-DemoRealm.release.xcconfig */,
			);
			path = Pods;
			sourceTree = "<group>";
		};
		FE09EA1C051F3B85E560456F /* Frameworks */ = {
			isa = PBXGroup;
			children = (
				CDFAEB37672F9F8887EBA7C9 /* Pods_DemoRealm.framework */,
			);
			name = Frameworks;
			sourceTree = "<group>";
		};
		FF587501265A47C60016B35A = {
			isa = PBXGroup;
			children = (
				FF58750C265A47C60016B35A /* DemoRealm */,
				FF58750B265A47C60016B35A /* Products */,
				397501516084799620AA28D0 /* Pods */,
				FE09EA1C051F3B85E560456F /* Frameworks */,
			);
			sourceTree = "<group>";
		};
		FF58750B265A47C60016B35A /* Products */ = {
			isa = PBXGroup;
			children = (
				FF58750A265A47C60016B35A /* DemoRealm.app */,
			);
			name = Products;
			sourceTree = "<group>";
		};
		FF58750C265A47C60016B35A /* DemoRealm */ = {
			isa = PBXGroup;
			children = (
				FF58750D265A47C60016B35A /* AppDelegate.swift */,
				FF58750F265A47C60016B35A /* SceneDelegate.swift */,
				FF587511265A47C60016B35A /* ViewController.swift */,
				FF587513265A47C60016B35A /* Main.storyboard */,
				FF587516265A47C70016B35A /* Assets.xcassets */,
				FF587518265A47C70016B35A /* LaunchScreen.storyboard */,
				FF58751B265A47C70016B35A /* Info.plist */,
				FF5009A3265A7280000E5132 /* Cat.swift */,
				FF6AB715265E675E002E189F /* InternetTest.swift */,
			);
			path = DemoRealm;
			sourceTree = "<group>";
		};
/* End PBXGroup section */

/* Begin PBXNativeTarget section */
		FF587509265A47C60016B35A /* DemoRealm */ = {
			isa = PBXNativeTarget;
			buildConfigurationList = FF58751E265A47C70016B35A /* Build configuration list for PBXNativeTarget "DemoRealm" */;
			buildPhases = (
				EA9EC7B74220351A01F50487 /* [CP] Check Pods Manifest.lock */,
				FF587506265A47C60016B35A /* Sources */,
				FF587507265A47C60016B35A /* Frameworks */,
				FF587508265A47C60016B35A /* Resources */,
				53DF657C9CAD83C59778E90E /* [CP] Embed Pods Frameworks */,
			);
			buildRules = (
			);
			dependencies = (
			);
			name = DemoRealm;
			productName = DemoRealm;
			productReference = FF58750A265A47C60016B35A /* DemoRealm.app */;
			productType = "com.apple.product-type.application";
		};
/* End PBXNativeTarget section */

/* Begin PBXProject section */
		FF587502265A47C60016B35A /* Project object */ = {
			isa = PBXProject;
			attributes = {
				LastSwiftUpdateCheck = 1240;
				LastUpgradeCheck = 1240;
				TargetAttributes = {
					FF587509265A47C60016B35A = {
						CreatedOnToolsVersion = 12.4;
					};
				};
			};
			buildConfigurationList = FF587505265A47C60016B35A /* Build configuration list for PBXProject "DemoRealm" */;
			compatibilityVersion = "Xcode 9.3";
			developmentRegion = en;
			hasScannedForEncodings = 0;
			knownRegions = (
				en,
				Base,
			);
			mainGroup = FF587501265A47C60016B35A;
			productRefGroup = FF58750B265A47C60016B35A /* Products */;
			projectDirPath = "";
			projectRoot = "";
			targets = (
				FF587509265A47C60016B35A /* DemoRealm */,
			);
		};
/* End PBXProject section */

/* Begin PBXResourcesBuildPhase section */
		FF587508265A47C60016B35A /* Resources */ = {
			isa = PBXResourcesBuildPhase;
			buildActionMask = 2147483647;
			files = (
				FF58751A265A47C70016B35A /* LaunchScreen.storyboard in Resources */,
				FF587517265A47C70016B35A /* Assets.xcassets in Resources */,
				FF587515265A47C60016B35A /* Main.storyboard in Resources */,
			);
			runOnlyForDeploymentPostprocessing = 0;
		};
/* End PBXResourcesBuildPhase section */

/* Begin PBXShellScriptBuildPhase section */
		53DF657C9CAD83C59778E90E /* [CP] Embed Pods Frameworks */ = {
			isa = PBXShellScriptBuildPhase;
			buildActionMask = 2147483647;
			files = (
			);
			inputFileListPaths = (
				"${PODS_ROOT}/Target Support Files/Pods-DemoRealm/Pods-DemoRealm-frameworks-${CONFIGURATION}-input-files.xcfilelist",
			);
			name = "[CP] Embed Pods Frameworks";
			outputFileListPaths = (
				"${PODS_ROOT}/Target Support Files/Pods-DemoRealm/Pods-DemoRealm-frameworks-${CONFIGURATION}-output-files.xcfilelist",
			);
			runOnlyForDeploymentPostprocessing = 0;
			shellPath = /bin/sh;
			shellScript = "\"${PODS_ROOT}/Target Support Files/Pods-DemoRealm/Pods-DemoRealm-frameworks.sh\"\n";
			showEnvVarsInLog = 0;
		};
		EA9EC7B74220351A01F50487 /* [CP] Check Pods Manifest.lock */ = {
			isa = PBXShellScriptBuildPhase;
			buildActionMask = 2147483647;
			files = (
			);
			inputFileListPaths = (
			);
			inputPaths = (
				"${PODS_PODFILE_DIR_PATH}/Podfile.lock",
				"${PODS_ROOT}/Manifest.lock",
			);
			name = "[CP] Check Pods Manifest.lock";
			outputFileListPaths = (
			);
			outputPaths = (
				"$(DERIVED_FILE_DIR)/Pods-DemoRealm-checkManifestLockResult.txt",
			);
			runOnlyForDeploymentPostprocessing = 0;
			shellPath = /bin/sh;
			shellScript = "diff \"${PODS_PODFILE_DIR_PATH}/Podfile.lock\" \"${PODS_ROOT}/Manifest.lock\" > /dev/null\nif [ $? != 0 ] ; then\n    # print error to STDERR\n    echo \"error: The sandbox is not in sync with the Podfile.lock. Run 'pod install' or update your CocoaPods installation.\" >&2\n    exit 1\nfi\n# This output is used by Xcode 'outputs' to avoid re-running this script phase.\necho \"SUCCESS\" > \"${SCRIPT_OUTPUT_FILE_0}\"\n";
			showEnvVarsInLog = 0;
		};
/* End PBXShellScriptBuildPhase section */

/* Begin PBXSourcesBuildPhase section */
		FF587506265A47C60016B35A /* Sources */ = {
			isa = PBXSourcesBuildPhase;
			buildActionMask = 2147483647;
			files = (
				FF5009A4265A7280000E5132 /* Cat.swift in Sources */,
				FF6AB716265E675F002E189F /* InternetTest.swift in Sources */,
				FF587512265A47C60016B35A /* ViewController.swift in Sources */,
				FF58750E265A47C60016B35A /* AppDelegate.swift in Sources */,
				FF587510265A47C60016B35A /* SceneDelegate.swift in Sources */,
			);
			runOnlyForDeploymentPostprocessing = 0;
		};
/* End PBXSourcesBuildPhase section */

/* Begin PBXVariantGroup section */
		FF587513265A47C60016B35A /* Main.storyboard */ = {
			isa = PBXVariantGroup;
			children = (
				FF587514265A47C60016B35A /* Base */,
			);
			name = Main.storyboard;
			sourceTree = "<group>";
		};
		FF587518265A47C70016B35A /* LaunchScreen.storyboard */ = {
			isa = PBXVariantGroup;
			children = (
				FF587519265A47C70016B35A /* Base */,
			);
			name = LaunchScreen.storyboard;
			sourceTree = "<group>";
		};
/* End PBXVariantGroup section */

/* Begin XCBuildConfiguration section */
		FF58751C265A47C70016B35A /* Debug */ = {
			isa = XCBuildConfiguration;
			buildSettings = {
				ALWAYS_SEARCH_USER_PATHS = NO;
				CLANG_ANALYZER_NONNULL = YES;
				CLANG_ANALYZER_NUMBER_OBJECT_CONVERSION = YES_AGGRESSIVE;
				CLANG_CXX_LANGUAGE_STANDARD = "gnu++14";
				CLANG_CXX_LIBRARY = "libc++";
				CLANG_ENABLE_MODULES = YES;
				CLANG_ENABLE_OBJC_ARC = YES;
				CLANG_ENABLE_OBJC_WEAK = YES;
				CLANG_WARN_BLOCK_CAPTURE_AUTORELEASING = YES;
				CLANG_WARN_BOOL_CONVERSION = YES;
				CLANG_WARN_COMMA = YES;
				CLANG_WARN_CONSTANT_CONVERSION = YES;
				CLANG_WARN_DEPRECATED_OBJC_IMPLEMENTATIONS = YES;
				CLANG_WARN_DIRECT_OBJC_ISA_USAGE = YES_ERROR;
				CLANG_WARN_DOCUMENTATION_COMMENTS = YES;
				CLANG_WARN_EMPTY_BODY = YES;
				CLANG_WARN_ENUM_CONVERSION = YES;
				CLANG_WARN_INFINITE_RECURSION = YES;
				CLANG_WARN_INT_CONVERSION = YES;
				CLANG_WARN_NON_LITERAL_NULL_CONVERSION = YES;
				CLANG_WARN_OBJC_IMPLICIT_RETAIN_SELF = YES;
				CLANG_WARN_OBJC_LITERAL_CONVERSION = YES;
				CLANG_WARN_OBJC_ROOT_CLASS = YES_ERROR;
				CLANG_WARN_QUOTED_INCLUDE_IN_FRAMEWORK_HEADER = YES;
				CLANG_WARN_RANGE_LOOP_ANALYSIS = YES;
				CLANG_WARN_STRICT_PROTOTYPES = YES;
				CLANG_WARN_SUSPICIOUS_MOVE = YES;
				CLANG_WARN_UNGUARDED_AVAILABILITY = YES_AGGRESSIVE;
				CLANG_WARN_UNREACHABLE_CODE = YES;
				CLANG_WARN__DUPLICATE_METHOD_MATCH = YES;
				COPY_PHASE_STRIP = NO;
				DEBUG_INFORMATION_FORMAT = dwarf;
				ENABLE_STRICT_OBJC_MSGSEND = YES;
				ENABLE_TESTABILITY = YES;
				GCC_C_LANGUAGE_STANDARD = gnu11;
				GCC_DYNAMIC_NO_PIC = NO;
				GCC_NO_COMMON_BLOCKS = YES;
				GCC_OPTIMIZATION_LEVEL = 0;
				GCC_PREPROCESSOR_DEFINITIONS = (
					"DEBUG=1",
					"$(inherited)",
				);
				GCC_WARN_64_TO_32_BIT_CONVERSION = YES;
				GCC_WARN_ABOUT_RETURN_TYPE = YES_ERROR;
				GCC_WARN_UNDECLARED_SELECTOR = YES;
				GCC_WARN_UNINITIALIZED_AUTOS = YES_AGGRESSIVE;
				GCC_WARN_UNUSED_FUNCTION = YES;
				GCC_WARN_UNUSED_VARIABLE = YES;
				IPHONEOS_DEPLOYMENT_TARGET = 14.4;
				MTL_ENABLE_DEBUG_INFO = INCLUDE_SOURCE;
				MTL_FAST_MATH = YES;
				ONLY_ACTIVE_ARCH = YES;
				SDKROOT = iphoneos;
				SWIFT_ACTIVE_COMPILATION_CONDITIONS = DEBUG;
				SWIFT_OPTIMIZATION_LEVEL = "-Onone";
			};
			name = Debug;
		};
		FF58751D265A47C70016B35A /* Release */ = {
			isa = XCBuildConfiguration;
			buildSettings = {
				ALWAYS_SEARCH_USER_PATHS = NO;
				CLANG_ANALYZER_NONNULL = YES;
				CLANG_ANALYZER_NUMBER_OBJECT_CONVERSION = YES_AGGRESSIVE;
				CLANG_CXX_LANGUAGE_STANDARD = "gnu++14";
				CLANG_CXX_LIBRARY = "libc++";
				CLANG_ENABLE_MODULES = YES;
				CLANG_ENABLE_OBJC_ARC = YES;
				CLANG_ENABLE_OBJC_WEAK = YES;
				CLANG_WARN_BLOCK_CAPTURE_AUTORELEASING = YES;
				CLANG_WARN_BOOL_CONVERSION = YES;
				CLANG_WARN_COMMA = YES;
				CLANG_WARN_CONSTANT_CONVERSION = YES;
				CLANG_WARN_DEPRECATED_OBJC_IMPLEMENTATIONS = YES;
				CLANG_WARN_DIRECT_OBJC_ISA_USAGE = YES_ERROR;
				CLANG_WARN_DOCUMENTATION_COMMENTS = YES;
				CLANG_WARN_EMPTY_BODY = YES;
				CLANG_WARN_ENUM_CONVERSION = YES;
				CLANG_WARN_INFINITE_RECURSION = YES;
				CLANG_WARN_INT_CONVERSION = YES;
				CLANG_WARN_NON_LITERAL_NULL_CONVERSION = YES;
				CLANG_WARN_OBJC_IMPLICIT_RETAIN_SELF = YES;
				CLANG_WARN_OBJC_LITERAL_CONVERSION = YES;
				CLANG_WARN_OBJC_ROOT_CLASS = YES_ERROR;
				CLANG_WARN_QUOTED_INCLUDE_IN_FRAMEWORK_HEADER = YES;
				CLANG_WARN_RANGE_LOOP_ANALYSIS = YES;
				CLANG_WARN_STRICT_PROTOTYPES = YES;
				CLANG_WARN_SUSPICIOUS_MOVE = YES;
				CLANG_WARN_UNGUARDED_AVAILABILITY = YES_AGGRESSIVE;
				CLANG_WARN_UNREACHABLE_CODE = YES;
				CLANG_WARN__DUPLICATE_METHOD_MATCH = YES;
				COPY_PHASE_STRIP = NO;
				DEBUG_INFORMATION_FORMAT = "dwarf-with-dsym";
				ENABLE_NS_ASSERTIONS = NO;
				ENABLE_STRICT_OBJC_MSGSEND = YES;
				GCC_C_LANGUAGE_STANDARD = gnu11;
				GCC_NO_COMMON_BLOCKS = YES;
				GCC_WARN_64_TO_32_BIT_CONVERSION = YES;
				GCC_WARN_ABOUT_RETURN_TYPE = YES_ERROR;
				GCC_WARN_UNDECLARED_SELECTOR = YES;
				GCC_WARN_UNINITIALIZED_AUTOS = YES_AGGRESSIVE;
				GCC_WARN_UNUSED_FUNCTION = YES;
				GCC_WARN_UNUSED_VARIABLE = YES;
				IPHONEOS_DEPLOYMENT_TARGET = 14.4;
				MTL_ENABLE_DEBUG_INFO = NO;
				MTL_FAST_MATH = YES;
				SDKROOT = iphoneos;
				SWIFT_COMPILATION_MODE = wholemodule;
				SWIFT_OPTIMIZATION_LEVEL = "-O";
				VALIDATE_PRODUCT = YES;
			};
			name = Release;
		};
		FF58751F265A47C70016B35A /* Debug */ = {
			isa = XCBuildConfiguration;
			baseConfigurationReference = F3842A1478B910556D21550F /* Pods-DemoRealm.debug.xcconfig */;
			buildSettings = {
				ASSETCATALOG_COMPILER_APPICON_NAME = AppIcon;
				ASSETCATALOG_COMPILER_GLOBAL_ACCENT_COLOR_NAME = AccentColor;
				CODE_SIGN_STYLE = Automatic;
				DEVELOPMENT_TEAM = VGF6Q9433U;
				INFOPLIST_FILE = DemoRealm/Info.plist;
				IPHONEOS_DEPLOYMENT_TARGET = 12.1;
				LD_RUNPATH_SEARCH_PATHS = (
					"$(inherited)",
					"@executable_path/Frameworks",
				);
				PRODUCT_BUNDLE_IDENTIFIER = mefahimrahman.DemoRealm;
				PRODUCT_NAME = "$(TARGET_NAME)";
				SWIFT_VERSION = 5.0;
				TARGETED_DEVICE_FAMILY = "1,2";
			};
			name = Debug;
		};
		FF587520265A47C70016B35A /* Release */ = {
			isa = XCBuildConfiguration;
			baseConfigurationReference = B04263278454CF1573BEB998 /* Pods-DemoRealm.release.xcconfig */;
			buildSettings = {
				ASSETCATALOG_COMPILER_APPICON_NAME = AppIcon;
				ASSETCATALOG_COMPILER_GLOBAL_ACCENT_COLOR_NAME = AccentColor;
				CODE_SIGN_STYLE = Automatic;
				DEVELOPMENT_TEAM = VGF6Q9433U;
				INFOPLIST_FILE = DemoRealm/Info.plist;
				IPHONEOS_DEPLOYMENT_TARGET = 12.1;
				LD_RUNPATH_SEARCH_PATHS = (
					"$(inherited)",
					"@executable_path/Frameworks",
				);
				PRODUCT_BUNDLE_IDENTIFIER = mefahimrahman.DemoRealm;
				PRODUCT_NAME = "$(TARGET_NAME)";
				SWIFT_VERSION = 5.0;
				TARGETED_DEVICE_FAMILY = "1,2";
			};
			name = Release;
		};
/* End XCBuildConfiguration section */

/* Begin XCConfigurationList section */
		FF587505265A47C60016B35A /* Build configuration list for PBXProject "DemoRealm" */ = {
			isa = XCConfigurationList;
			buildConfigurations = (
				FF58751C265A47C70016B35A /* Debug */,
				FF58751D265A47C70016B35A /* Release */,
			);
			defaultConfigurationIsVisible = 0;
			defaultConfigurationName = Release;
		};
		FF58751E265A47C70016B35A /* Build configuration list for PBXNativeTarget "DemoRealm" */ = {
			isa = XCConfigurationList;
			buildConfigurations = (
				FF58751F265A47C70016B35A /* Debug */,
				FF587520265A47C70016B35A /* Release */,
			);
			defaultConfigurationIsVisible = 0;
			defaultConfigurationName = Release;
		};
/* End XCConfigurationList section */
	};
	rootObject = FF587502265A47C60016B35A /* Project object */;
}
